PODS:
  - Alamofire (4.9.1)
  - SwiftGifOrigin (1.7.0)
  - SwiftyJSON (5.0.0)

DEPENDENCIES:
  - Alamofire
  - SwiftGifOrigin
  - SwiftyJSON

SPEC REPOS:
  trunk:
    - Alamofire
    - SwiftGifOrigin
    - SwiftyJSON

SPEC CHECKSUMS:
  Alamofire: 85e8a02c69d6020a0d734f6054870d7ecb75cf18
  SwiftGifOrigin: fbd6cf37afcfcf97a5c3db996ddc0492e5c5c145
  SwiftyJSON: 36413e04c44ee145039d332b4f4e2d3e8d6c4db7

PODFILE CHECKSUM: 737cf9e36f81c3ae5acfc30abf20c5bb83e06338

COCOAPODS: 1.10.0
